PODS:
  - app_security_kit (0.0.1):
    - Flutter
  - Flutter (1.0.0)

DEPENDENCIES:
  - app_security_kit (from `.symlinks/plugins/app_security_kit/ios`)
  - Flutter (from `Flutter`)

EXTERNAL SOURCES:
  app_security_kit:
    :path: ".symlinks/plugins/app_security_kit/ios"
  Flutter:
    :path: Flutter

SPEC CHECKSUMS:
  app_security_kit: fd85e989165cdf4d156c150448352c9121cc0ffc
  Flutter: 0e3d915762c693b495b44d77113d4970485de6ec

PODFILE CHECKSUM: aafe91acc616949ddb318b77800a7f51bffa2a4c

COCOAPODS: 1.9.3
